{
  "version": 4,
  "terraform_version": "1.4.6",
  "serial": 5,
  "lineage": "c2af1c03-8ca7-6c3f-5c8b-59ee81589802",
  "outputs": {},
  "resources": [
    {
      "mode": "managed",
      "type": "azurerm_network_security_group",
      "name": "testnsg",
      "provider": "provider[\"registry.terraform.io/hashicorp/azurerm\"]",
      "instances": [
        {
          "schema_version": 0,
          "attributes": {
            "id": "/subscriptions/0ba56798-05ae-4612-94fa-1b55cd507fd8/resourceGroups/testrg1/providers/Microsoft.Network/networkSecurityGroups/testnsg1",
            "location": "westeurope",
            "name": "testnsg1",
            "resource_group_name": "testrg1",
            "security_rule": [],
            "tags": null,
            "timeouts": null
          },
          "sensitive_attributes": [],
          "private": "eyJlMmJmYjczMC1lY2FhLTExZTYtOGY4OC0zNDM2M2JjN2M0YzAiOnsiY3JlYXRlIjoxODAwMDAwMDAwMDAwLCJkZWxldGUiOjE4MDAwMDAwMDAwMDAsInJlYWQiOjMwMDAwMDAwMDAwMCwidXBkYXRlIjoxODAwMDAwMDAwMDAwfX0=",
          "dependencies": [
            "azurerm_resource_group.testrg"
          ]
        }
      ]
    },
    {
      "mode": "managed",
      "type": "azurerm_resource_group",
      "name": "testrg",
      "provider": "provider[\"registry.terraform.io/hashicorp/azurerm\"]",
      "instances": [
        {
          "schema_version": 0,
          "attributes": {
            "id": "/subscriptions/0ba56798-05ae-4612-94fa-1b55cd507fd8/resourceGroups/testrg1",
            "location": "westeurope",
            "managed_by": "",
            "name": "testrg1",
            "tags": null,
            "timeouts": null
          },
          "sensitive_attributes": [],
          "private": "eyJlMmJmYjczMC1lY2FhLTExZTYtOGY4OC0zNDM2M2JjN2M0YzAiOnsiY3JlYXRlIjo1NDAwMDAwMDAwMDAwLCJkZWxldGUiOjU0MDAwMDAwMDAwMDAsInJlYWQiOjMwMDAwMDAwMDAwMCwidXBkYXRlIjo1NDAwMDAwMDAwMDAwfX0="
        }
      ]
    },
    {
      "mode": "managed",
      "type": "azurerm_virtual_network",
      "name": "testvn",
      "provider": "provider[\"registry.terraform.io/hashicorp/azurerm\"]",
      "instances": [
        {
          "schema_version": 0,
          "attributes": {
            "address_space": [
              "10.0.0.0/16"
            ],
            "bgp_community": "",
            "ddos_protection_plan": [],
            "dns_servers": [
              "10.0.0.4",
              "10.0.0.5"
            ],
            "edge_zone": "",
            "encryption": [],
            "flow_timeout_in_minutes": 0,
            "guid": "89f2b5e9-0b84-4968-a492-a4ce051ab529",
            "id": "/subscriptions/0ba56798-05ae-4612-94fa-1b55cd507fd8/resourceGroups/testrg1/providers/Microsoft.Network/virtualNetworks/testvn1",
            "location": "westeurope",
            "name": "testvn1",
            "resource_group_name": "testrg1",
            "subnet": [
              {
                "address_prefix": "10.0.1.0/24",
                "id": "/subscriptions/0ba56798-05ae-4612-94fa-1b55cd507fd8/resourceGroups/testrg1/providers/Microsoft.Network/virtualNetworks/testvn1/subnets/subnet1",
                "name": "subnet1",
                "security_group": ""
              },
              {
                "address_prefix": "10.0.2.0/24",
                "id": "/subscriptions/0ba56798-05ae-4612-94fa-1b55cd507fd8/resourceGroups/testrg1/providers/Microsoft.Network/virtualNetworks/testvn1/subnets/subnet2",
                "name": "subnet2",
                "security_group": "/subscriptions/0ba56798-05ae-4612-94fa-1b55cd507fd8/resourceGroups/testrg1/providers/Microsoft.Network/networkSecurityGroups/testnsg1"
              }
            ],
            "tags": {
              "environment": "Production"
            },
            "timeouts": null
          },
          "sensitive_attributes": [],
          "private": "eyJlMmJmYjczMC1lY2FhLTExZTYtOGY4OC0zNDM2M2JjN2M0YzAiOnsiY3JlYXRlIjoxODAwMDAwMDAwMDAwLCJkZWxldGUiOjE4MDAwMDAwMDAwMDAsInJlYWQiOjMwMDAwMDAwMDAwMCwidXBkYXRlIjoxODAwMDAwMDAwMDAwfX0=",
          "dependencies": [
            "azurerm_network_security_group.testnsg",
            "azurerm_resource_group.testrg"
          ]
        }
      ]
    }
  ],
  "check_results": null
}
